
Microsoft Visual Studio Solution File, Format Version 12.00
# Visual Studio Version 17
VisualStudioVersion = 17.0.31903.59
MinimumVisualStudioVersion = 10.0.40219.1
Project("{2150E333-8FDC-42A3-9474-1A3956D46DE8}") = "src", "src", "{827E0CD3-B72D-47B6-A68D-7590B98EB39B}"
EndProject
Project("{FAE04EC0-301F-11D3-BF4B-00C04F79EFBC}") = "WitteNog.Core", "src\WitteNog.Core\WitteNog.Core.csproj", "{ACAD9BE9-BF11-4BD2-B7ED-54FC33647713}"
EndProject
Project("{FAE04EC0-301F-11D3-BF4B-00C04F79EFBC}") = "WitteNog.Application", "src\WitteNog.Application\WitteNog.Application.csproj", "{E990E5F3-CF80-4F10-AF12-0F721A8D996E}"
EndProject
Project("{FAE04EC0-301F-11D3-BF4B-00C04F79EFBC}") = "WitteNog.Infrastructure", "src\WitteNog.Infrastructure\WitteNog.Infrastructure.csproj", "{50ED154D-6B94-400F-8196-C9169879FB8F}"
EndProject
Project("{FAE04EC0-301F-11D3-BF4B-00C04F79EFBC}") = "WitteNog.App", "src\WitteNog.App\WitteNog.App.csproj", "{3266195D-F8BB-4F69-850F-7211CD4B2F6B}"
EndProject
Project("{FAE04EC0-301F-11D3-BF4B-00C04F79EFBC}") = "WitteNog.Core.Tests", "tests\WitteNog.Core.Tests\WitteNog.Core.Tests.csproj", "{D27EBDE4-3E30-4488-B4F6-AFC6174D93FA}"
EndProject
Project("{FAE04EC0-301F-11D3-BF4B-00C04F79EFBC}") = "WitteNog.Application.Tests", "tests\WitteNog.Application.Tests\WitteNog.Application.Tests.csproj", "{FD7B34CC-CAAE-4260-ADA1-EDF3B57AB65E}"
EndProject
Project("{FAE04EC0-301F-11D3-BF4B-00C04F79EFBC}") = "WitteNog.Infrastructure.Tests", "tests\WitteNog.Infrastructure.Tests\WitteNog.Infrastructure.Tests.csproj", "{E0FD486E-E9BD-49FC-96F1-30CE8E13CC7B}"
EndProject
Global
	GlobalSection(SolutionConfigurationPlatforms) = preSolution
		Debug|Any CPU = Debug|Any CPU
		Debug|x64 = Debug|x64
		Debug|x86 = Debug|x86
		Release|Any CPU = Release|Any CPU
		Release|x64 = Release|x64
		Release|x86 = Release|x86
	EndGlobalSection
	GlobalSection(ProjectConfigurationPlatforms) = postSolution
		{ACAD9BE9-BF11-4BD2-B7ED-54FC33647713}.Debug|Any CPU.ActiveCfg = Debug|Any CPU
		{ACAD9BE9-BF11-4BD2-B7ED-54FC33647713}.Debug|Any CPU.Build.0 = Debug|Any CPU
		{ACAD9BE9-BF11-4BD2-B7ED-54FC33647713}.Debug|x64.ActiveCfg = Debug|Any CPU
		{ACAD9BE9-BF11-4BD2-B7ED-54FC33647713}.Debug|x64.Build.0 = Debug|Any CPU
		{ACAD9BE9-BF11-4BD2-B7ED-54FC33647713}.Debug|x86.ActiveCfg = Debug|Any CPU
		{ACAD9BE9-BF11-4BD2-B7ED-54FC33647713}.Debug|x86.Build.0 = Debug|Any CPU
		{ACAD9BE9-BF11-4BD2-B7ED-54FC33647713}.Release|Any CPU.ActiveCfg = Release|Any CPU
		{ACAD9BE9-BF11-4BD2-B7ED-54FC33647713}.Release|Any CPU.Build.0 = Release|Any CPU
		{ACAD9BE9-BF11-4BD2-B7ED-54FC33647713}.Release|x64.ActiveCfg = Release|Any CPU
		{ACAD9BE9-BF11-4BD2-B7ED-54FC33647713}.Release|x64.Build.0 = Release|Any CPU
		{ACAD9BE9-BF11-4BD2-B7ED-54FC33647713}.Release|x86.ActiveCfg = Release|Any CPU
		{ACAD9BE9-BF11-4BD2-B7ED-54FC33647713}.Release|x86.Build.0 = Release|Any CPU
		{E990E5F3-CF80-4F10-AF12-0F721A8D996E}.Debug|Any CPU.ActiveCfg = Debug|Any CPU
		{E990E5F3-CF80-4F10-AF12-0F721A8D996E}.Debug|Any CPU.Build.0 = Debug|Any CPU
		{E990E5F3-CF80-4F10-AF12-0F721A8D996E}.Debug|x64.ActiveCfg = Debug|Any CPU
		{E990E5F3-CF80-4F10-AF12-0F721A8D996E}.Debug|x64.Build.0 = Debug|Any CPU
		{E990E5F3-CF80-4F10-AF12-0F721A8D996E}.Debug|x86.ActiveCfg = Debug|Any CPU
		{E990E5F3-CF80-4F10-AF12-0F721A8D996E}.Debug|x86.Build.0 = Debug|Any CPU
		{E990E5F3-CF80-4F10-AF12-0F721A8D996E}.Release|Any CPU.ActiveCfg = Release|Any CPU
		{E990E5F3-CF80-4F10-AF12-0F721A8D996E}.Release|Any CPU.Build.0 = Release|Any CPU
		{E990E5F3-CF80-4F10-AF12-0F721A8D996E}.Release|x64.ActiveCfg = Release|Any CPU
		{E990E5F3-CF80-4F10-AF12-0F721A8D996E}.Release|x64.Build.0 = Release|Any CPU
		{E990E5F3-CF80-4F10-AF12-0F721A8D996E}.Release|x86.ActiveCfg = Release|Any CPU
		{E990E5F3-CF80-4F10-AF12-0F721A8D996E}.Release|x86.Build.0 = Release|Any CPU
		{50ED154D-6B94-400F-8196-C9169879FB8F}.Debug|Any CPU.ActiveCfg = Debug|Any CPU
		{50ED154D-6B94-400F-8196-C9169879FB8F}.Debug|Any CPU.Build.0 = Debug|Any CPU
		{50ED154D-6B94-400F-8196-C9169879FB8F}.Debug|x64.ActiveCfg = Debug|Any CPU
		{50ED154D-6B94-400F-8196-C9169879FB8F}.Debug|x64.Build.0 = Debug|Any CPU
		{50ED154D-6B94-400F-8196-C9169879FB8F}.Debug|x86.ActiveCfg = Debug|Any CPU
		{50ED154D-6B94-400F-8196-C9169879FB8F}.Debug|x86.Build.0 = Debug|Any CPU
		{50ED154D-6B94-400F-8196-C9169879FB8F}.Release|Any CPU.ActiveCfg = Release|Any CPU
		{50ED154D-6B94-400F-8196-C9169879FB8F}.Release|Any CPU.Build.0 = Release|Any CPU
		{50ED154D-6B94-400F-8196-C9169879FB8F}.Release|x64.ActiveCfg = Release|Any CPU
		{50ED154D-6B94-400F-8196-C9169879FB8F}.Release|x64.Build.0 = Release|Any CPU
		{50ED154D-6B94-400F-8196-C9169879FB8F}.Release|x86.ActiveCfg = Release|Any CPU
		{50ED154D-6B94-400F-8196-C9169879FB8F}.Release|x86.Build.0 = Release|Any CPU
		{3266195D-F8BB-4F69-850F-7211CD4B2F6B}.Debug|Any CPU.ActiveCfg = Debug|Any CPU
		{3266195D-F8BB-4F69-850F-7211CD4B2F6B}.Debug|Any CPU.Build.0 = Debug|Any CPU
		{3266195D-F8BB-4F69-850F-7211CD4B2F6B}.Debug|x64.ActiveCfg = Debug|Any CPU
		{3266195D-F8BB-4F69-850F-7211CD4B2F6B}.Debug|x64.Build.0 = Debug|Any CPU
		{3266195D-F8BB-4F69-850F-7211CD4B2F6B}.Debug|x86.ActiveCfg = Debug|Any CPU
		{3266195D-F8BB-4F69-850F-7211CD4B2F6B}.Debug|x86.Build.0 = Debug|Any CPU
		{3266195D-F8BB-4F69-850F-7211CD4B2F6B}.Release|Any CPU.ActiveCfg = Release|Any CPU
		{3266195D-F8BB-4F69-850F-7211CD4B2F6B}.Release|Any CPU.Build.0 = Release|Any CPU
		{3266195D-F8BB-4F69-850F-7211CD4B2F6B}.Release|x64.ActiveCfg = Release|Any CPU
		{3266195D-F8BB-4F69-850F-7211CD4B2F6B}.Release|x64.Build.0 = Release|Any CPU
		{3266195D-F8BB-4F69-850F-7211CD4B2F6B}.Release|x86.ActiveCfg = Release|Any CPU
		{3266195D-F8BB-4F69-850F-7211CD4B2F6B}.Release|x86.Build.0 = Release|Any CPU
		{D27EBDE4-3E30-4488-B4F6-AFC6174D93FA}.Debug|Any CPU.ActiveCfg = Debug|Any CPU
		{D27EBDE4-3E30-4488-B4F6-AFC6174D93FA}.Debug|Any CPU.Build.0 = Debug|Any CPU
		{D27EBDE4-3E30-4488-B4F6-AFC6174D93FA}.Debug|x64.ActiveCfg = Debug|Any CPU
		{D27EBDE4-3E30-4488-B4F6-AFC6174D93FA}.Debug|x64.Build.0 = Debug|Any CPU
		{D27EBDE4-3E30-4488-B4F6-AFC6174D93FA}.Debug|x86.ActiveCfg = Debug|Any CPU
		{D27EBDE4-3E30-4488-B4F6-AFC6174D93FA}.Debug|x86.Build.0 = Debug|Any CPU
		{D27EBDE4-3E30-4488-B4F6-AFC6174D93FA}.Release|Any CPU.ActiveCfg = Release|Any CPU
		{D27EBDE4-3E30-4488-B4F6-AFC6174D93FA}.Release|Any CPU.Build.0 = Release|Any CPU
		{D27EBDE4-3E30-4488-B4F6-AFC6174D93FA}.Release|x64.ActiveCfg = Release|Any CPU
		{D27EBDE4-3E30-4488-B4F6-AFC6174D93FA}.Release|x64.Build.0 = Release|Any CPU
		{D27EBDE4-3E30-4488-B4F6-AFC6174D93FA}.Release|x86.ActiveCfg = Release|Any CPU
		{D27EBDE4-3E30-4488-B4F6-AFC6174D93FA}.Release|x86.Build.0 = Release|Any CPU
		{FD7B34CC-CAAE-4260-ADA1-EDF3B57AB65E}.Debug|Any CPU.ActiveCfg = Debug|Any CPU
		{FD7B34CC-CAAE-4260-ADA1-EDF3B57AB65E}.Debug|Any CPU.Build.0 = Debug|Any CPU
		{FD7B34CC-CAAE-4260-ADA1-EDF3B57AB65E}.Debug|x64.ActiveCfg = Debug|Any CPU
		{FD7B34CC-CAAE-4260-ADA1-EDF3B57AB65E}.Debug|x64.Build.0 = Debug|Any CPU
		{FD7B34CC-CAAE-4260-ADA1-EDF3B57AB65E}.Debug|x86.ActiveCfg = Debug|Any CPU
		{FD7B34CC-CAAE-4260-ADA1-EDF3B57AB65E}.Debug|x86.Build.0 = Debug|Any CPU
		{FD7B34CC-CAAE-4260-ADA1-EDF3B57AB65E}.Release|Any CPU.ActiveCfg = Release|Any CPU
		{FD7B34CC-CAAE-4260-ADA1-EDF3B57AB65E}.Release|Any CPU.Build.0 = Release|Any CPU
		{FD7B34CC-CAAE-4260-ADA1-EDF3B57AB65E}.Release|x64.ActiveCfg = Release|Any CPU
		{FD7B34CC-CAAE-4260-ADA1-EDF3B57AB65E}.Release|x64.Build.0 = Release|Any CPU
		{FD7B34CC-CAAE-4260-ADA1-EDF3B57AB65E}.Release|x86.ActiveCfg = Release|Any CPU
		{FD7B34CC-CAAE-4260-ADA1-EDF3B57AB65E}.Release|x86.Build.0 = Release|Any CPU
		{E0FD486E-E9BD-49FC-96F1-30CE8E13CC7B}.Debug|Any CPU.ActiveCfg = Debug|Any CPU
		{E0FD486E-E9BD-49FC-96F1-30CE8E13CC7B}.Debug|Any CPU.Build.0 = Debug|Any CPU
		{E0FD486E-E9BD-49FC-96F1-30CE8E13CC7B}.Debug|x64.ActiveCfg = Debug|Any CPU
		{E0FD486E-E9BD-49FC-96F1-30CE8E13CC7B}.Debug|x64.Build.0 = Debug|Any CPU
		{E0FD486E-E9BD-49FC-96F1-30CE8E13CC7B}.Debug|x86.ActiveCfg = Debug|Any CPU
		{E0FD486E-E9BD-49FC-96F1-30CE8E13CC7B}.Debug|x86.Build.0 = Debug|Any CPU
		{E0FD486E-E9BD-49FC-96F1-30CE8E13CC7B}.Release|Any CPU.ActiveCfg = Release|Any CPU
		{E0FD486E-E9BD-49FC-96F1-30CE8E13CC7B}.Release|Any CPU.Build.0 = Release|Any CPU
		{E0FD486E-E9BD-49FC-96F1-30CE8E13CC7B}.Release|x64.ActiveCfg = Release|Any CPU
		{E0FD486E-E9BD-49FC-96F1-30CE8E13CC7B}.Release|x64.Build.0 = Release|Any CPU
		{E0FD486E-E9BD-49FC-96F1-30CE8E13CC7B}.Release|x86.ActiveCfg = Release|Any CPU
		{E0FD486E-E9BD-49FC-96F1-30CE8E13CC7B}.Release|x86.Build.0 = Release|Any CPU
	EndGlobalSection
	GlobalSection(SolutionProperties) = preSolution
		HideSolutionNode = FALSE
	EndGlobalSection
	GlobalSection(NestedProjects) = preSolution
		{ACAD9BE9-BF11-4BD2-B7ED-54FC33647713} = {827E0CD3-B72D-47B6-A68D-7590B98EB39B}
		{E990E5F3-CF80-4F10-AF12-0F721A8D996E} = {827E0CD3-B72D-47B6-A68D-7590B98EB39B}
		{50ED154D-6B94-400F-8196-C9169879FB8F} = {827E0CD3-B72D-47B6-A68D-7590B98EB39B}
		{3266195D-F8BB-4F69-850F-7211CD4B2F6B} = {827E0CD3-B72D-47B6-A68D-7590B98EB39B}
		{D27EBDE4-3E30-4488-B4F6-AFC6174D93FA} = {827E0CD3-B72D-47B6-A68D-7590B98EB39B}
		{FD7B34CC-CAAE-4260-ADA1-EDF3B57AB65E} = {827E0CD3-B72D-47B6-A68D-7590B98EB39B}
		{E0FD486E-E9BD-49FC-96F1-30CE8E13CC7B} = {827E0CD3-B72D-47B6-A68D-7590B98EB39B}
	EndGlobalSection
EndGlobal
